
Microsoft Visual Studio Solution File, Format Version 12.00
# Visual Studio Version 17
VisualStudioVersion = 17.5.33627.172
MinimumVisualStudioVersion = 10.0.40219.1
Project("{9A19103F-16F7-4668-BE54-9A1E7A4F7556}") = "LucianoNicolasArrieta.PhoneBook", "LucianoNicolasArrieta.PhoneBook\LucianoNicolasArrieta.PhoneBook.csproj", "{ADE56DDE-DB98-4349-81FA-5C1D4C3E3C95}"
EndProject
Global
	GlobalSection(SolutionConfigurationPlatforms) = preSolution
		Debug|Any CPU = Debug|Any CPU
		Release|Any CPU = Release|Any CPU
	EndGlobalSection
	GlobalSection(ProjectConfigurationPlatforms) = postSolution
		{ADE56DDE-DB98-4349-81FA-5C1D4C3E3C95}.Debug|Any CPU.ActiveCfg = Debug|Any CPU
		{ADE56DDE-DB98-4349-81FA-5C1D4C3E3C95}.Debug|Any CPU.Build.0 = Debug|Any CPU
		{ADE56DDE-DB98-4349-81FA-5C1D4C3E3C95}.Release|Any CPU.ActiveCfg = Release|Any CPU
		{ADE56DDE-DB98-4349-81FA-5C1D4C3E3C95}.Release|Any CPU.Build.0 = Release|Any CPU
	EndGlobalSection
	GlobalSection(SolutionProperties) = preSolution
		HideSolutionNode = FALSE
	EndGlobalSection
	GlobalSection(ExtensibilityGlobals) = postSolution
		SolutionGuid = {F7A4AE5A-FC8B-4EA4-922E-1F97C8B4D7F6}
	EndGlobalSection
EndGlobal
