
Microsoft Visual Studio Solution File, Format Version 12.00
# Visual Studio Version 17
VisualStudioVersion = 17.9.34728.123
MinimumVisualStudioVersion = 10.0.40219.1
Project("{FAE04EC0-301F-11D3-BF4B-00C04F79EFBC}") = "Phonebook", "Phonebook\Phonebook.csproj", "{FD5403A6-4AAF-4998-9B64-B947A52FBDD8}"
EndProject
Global
	GlobalSection(SolutionConfigurationPlatforms) = preSolution
		Debug|Any CPU = Debug|Any CPU
		Release|Any CPU = Release|Any CPU
	EndGlobalSection
	GlobalSection(ProjectConfigurationPlatforms) = postSolution
		{FD5403A6-4AAF-4998-9B64-B947A52FBDD8}.Debug|Any CPU.ActiveCfg = Debug|Any CPU
		{FD5403A6-4AAF-4998-9B64-B947A52FBDD8}.Debug|Any CPU.Build.0 = Debug|Any CPU
		{FD5403A6-4AAF-4998-9B64-B947A52FBDD8}.Release|Any CPU.ActiveCfg = Release|Any CPU
		{FD5403A6-4AAF-4998-9B64-B947A52FBDD8}.Release|Any CPU.Build.0 = Release|Any CPU
	EndGlobalSection
	GlobalSection(SolutionProperties) = preSolution
		HideSolutionNode = FALSE
	EndGlobalSection
	GlobalSection(ExtensibilityGlobals) = postSolution
		SolutionGuid = {984E4152-F943-479A-A28E-434FA5C0981C}
	EndGlobalSection
EndGlobal
