
Microsoft Visual Studio Solution File, Format Version 12.00
# Visual Studio Version 17
VisualStudioVersion = 17.5.33414.496
MinimumVisualStudioVersion = 10.0.40219.1
Project("{FAE04EC0-301F-11D3-BF4B-00C04F79EFBC}") = "PhoneBook.Vocalnight", "PhoneBook.Vocalnight\PhoneBook.Vocalnight.csproj", "{17A2B420-434B-40D2-AF2D-BAA7EC7B24AE}"
EndProject
Global
	GlobalSection(SolutionConfigurationPlatforms) = preSolution
		Debug|Any CPU = Debug|Any CPU
		Release|Any CPU = Release|Any CPU
	EndGlobalSection
	GlobalSection(ProjectConfigurationPlatforms) = postSolution
		{17A2B420-434B-40D2-AF2D-BAA7EC7B24AE}.Debug|Any CPU.ActiveCfg = Debug|Any CPU
		{17A2B420-434B-40D2-AF2D-BAA7EC7B24AE}.Debug|Any CPU.Build.0 = Debug|Any CPU
		{17A2B420-434B-40D2-AF2D-BAA7EC7B24AE}.Release|Any CPU.ActiveCfg = Release|Any CPU
		{17A2B420-434B-40D2-AF2D-BAA7EC7B24AE}.Release|Any CPU.Build.0 = Release|Any CPU
	EndGlobalSection
	GlobalSection(SolutionProperties) = preSolution
		HideSolutionNode = FALSE
	EndGlobalSection
	GlobalSection(ExtensibilityGlobals) = postSolution
		SolutionGuid = {ADE7734E-0BFC-4864-A585-86EFE6A9DDF0}
	EndGlobalSection
EndGlobal
