
Microsoft Visual Studio Solution File, Format Version 12.00
# Visual Studio Version 16
VisualStudioVersion = 16.0.33801.447
MinimumVisualStudioVersion = 10.0.40219.1
Project("{FAE04EC0-301F-11D3-BF4B-00C04F79EFBC}") = "PhoneBook.maccer989", "PhoneBook.maccer989\PhoneBook.maccer989.csproj", "{88184C96-EDD5-4F94-B814-313EA6C80293}"
EndProject
Global
	GlobalSection(SolutionConfigurationPlatforms) = preSolution
		Debug|Any CPU = Debug|Any CPU
		Release|Any CPU = Release|Any CPU
	EndGlobalSection
	GlobalSection(ProjectConfigurationPlatforms) = postSolution
		{88184C96-EDD5-4F94-B814-313EA6C80293}.Debug|Any CPU.ActiveCfg = Debug|Any CPU
		{88184C96-EDD5-4F94-B814-313EA6C80293}.Debug|Any CPU.Build.0 = Debug|Any CPU
		{88184C96-EDD5-4F94-B814-313EA6C80293}.Release|Any CPU.ActiveCfg = Release|Any CPU
		{88184C96-EDD5-4F94-B814-313EA6C80293}.Release|Any CPU.Build.0 = Release|Any CPU
	EndGlobalSection
	GlobalSection(SolutionProperties) = preSolution
		HideSolutionNode = FALSE
	EndGlobalSection
	GlobalSection(ExtensibilityGlobals) = postSolution
		SolutionGuid = {AE47E675-B743-4FAD-8520-01B6A53343BE}
	EndGlobalSection
EndGlobal
