
Microsoft Visual Studio Solution File, Format Version 12.00
# Visual Studio Version 17
VisualStudioVersion = 17.6.33723.286
MinimumVisualStudioVersion = 10.0.40219.1
Project("{FAE04EC0-301F-11D3-BF4B-00C04F79EFBC}") = "PhoneBookCarDioLogics", "PhoneBookCarDioLogics\PhoneBookCarDioLogics.csproj", "{D0CAE5C8-0B3E-4C10-BA0E-BEE2420068C0}"
EndProject
Global
	GlobalSection(SolutionConfigurationPlatforms) = preSolution
		Debug|Any CPU = Debug|Any CPU
		Release|Any CPU = Release|Any CPU
	EndGlobalSection
	GlobalSection(ProjectConfigurationPlatforms) = postSolution
		{D0CAE5C8-0B3E-4C10-BA0E-BEE2420068C0}.Debug|Any CPU.ActiveCfg = Debug|Any CPU
		{D0CAE5C8-0B3E-4C10-BA0E-BEE2420068C0}.Debug|Any CPU.Build.0 = Debug|Any CPU
		{D0CAE5C8-0B3E-4C10-BA0E-BEE2420068C0}.Release|Any CPU.ActiveCfg = Release|Any CPU
		{D0CAE5C8-0B3E-4C10-BA0E-BEE2420068C0}.Release|Any CPU.Build.0 = Release|Any CPU
	EndGlobalSection
	GlobalSection(SolutionProperties) = preSolution
		HideSolutionNode = FALSE
	EndGlobalSection
	GlobalSection(ExtensibilityGlobals) = postSolution
		SolutionGuid = {96B8DDE1-8EDE-44AA-B131-FB22EA778C09}
	EndGlobalSection
EndGlobal
