
Microsoft Visual Studio Solution File, Format Version 12.00
# Visual Studio Version 17
VisualStudioVersion = 17.9.34728.123
MinimumVisualStudioVersion = 10.0.40219.1
Project("{FAE04EC0-301F-11D3-BF4B-00C04F79EFBC}") = "Phonebook", "Phonebook.csproj", "{7D3BFB7A-AFC1-4B98-81DE-4E4B9B08FD67}"
EndProject
Global
	GlobalSection(SolutionConfigurationPlatforms) = preSolution
		Debug|Any CPU = Debug|Any CPU
		Release|Any CPU = Release|Any CPU
	EndGlobalSection
	GlobalSection(ProjectConfigurationPlatforms) = postSolution
		{7D3BFB7A-AFC1-4B98-81DE-4E4B9B08FD67}.Debug|Any CPU.ActiveCfg = Debug|Any CPU
		{7D3BFB7A-AFC1-4B98-81DE-4E4B9B08FD67}.Debug|Any CPU.Build.0 = Debug|Any CPU
		{7D3BFB7A-AFC1-4B98-81DE-4E4B9B08FD67}.Release|Any CPU.ActiveCfg = Release|Any CPU
		{7D3BFB7A-AFC1-4B98-81DE-4E4B9B08FD67}.Release|Any CPU.Build.0 = Release|Any CPU
	EndGlobalSection
	GlobalSection(SolutionProperties) = preSolution
		HideSolutionNode = FALSE
	EndGlobalSection
	GlobalSection(ExtensibilityGlobals) = postSolution
		SolutionGuid = {2BC3E188-2F44-41D0-9062-C7622B3CAB83}
	EndGlobalSection
EndGlobal
