
Microsoft Visual Studio Solution File, Format Version 12.00
# Visual Studio Version 17
VisualStudioVersion = 17.4.33205.214
MinimumVisualStudioVersion = 10.0.40219.1
Project("{FAE04EC0-301F-11D3-BF4B-00C04F79EFBC}") = "Console.Phonebook.edvaudin", "Console.Phonebook.edvaudin.csproj", "{196F7BCB-C42B-4964-ACF7-C72D7F28CC98}"
EndProject
Global
	GlobalSection(SolutionConfigurationPlatforms) = preSolution
		Debug|Any CPU = Debug|Any CPU
		Release|Any CPU = Release|Any CPU
	EndGlobalSection
	GlobalSection(ProjectConfigurationPlatforms) = postSolution
		{196F7BCB-C42B-4964-ACF7-C72D7F28CC98}.Debug|Any CPU.ActiveCfg = Debug|Any CPU
		{196F7BCB-C42B-4964-ACF7-C72D7F28CC98}.Debug|Any CPU.Build.0 = Debug|Any CPU
		{196F7BCB-C42B-4964-ACF7-C72D7F28CC98}.Release|Any CPU.ActiveCfg = Release|Any CPU
		{196F7BCB-C42B-4964-ACF7-C72D7F28CC98}.Release|Any CPU.Build.0 = Release|Any CPU
	EndGlobalSection
	GlobalSection(SolutionProperties) = preSolution
		HideSolutionNode = FALSE
	EndGlobalSection
	GlobalSection(ExtensibilityGlobals) = postSolution
		SolutionGuid = {081CAB2E-C536-42DD-9294-051BE54AA817}
	EndGlobalSection
EndGlobal
