
Microsoft Visual Studio Solution File, Format Version 12.00
# Visual Studio Version 17
VisualStudioVersion = 17.9.34728.123
MinimumVisualStudioVersion = 10.0.40219.1
Project("{FAE04EC0-301F-11D3-BF4B-00C04F79EFBC}") = "PhoneBook.AnaClos", "PhoneBook.AnaClos\PhoneBook.AnaClos.csproj", "{0C4EC582-F40E-4A51-B9E3-8CAFA8ED779C}"
EndProject
Global
	GlobalSection(SolutionConfigurationPlatforms) = preSolution
		Debug|Any CPU = Debug|Any CPU
		Release|Any CPU = Release|Any CPU
	EndGlobalSection
	GlobalSection(ProjectConfigurationPlatforms) = postSolution
		{0C4EC582-F40E-4A51-B9E3-8CAFA8ED779C}.Debug|Any CPU.ActiveCfg = Debug|Any CPU
		{0C4EC582-F40E-4A51-B9E3-8CAFA8ED779C}.Debug|Any CPU.Build.0 = Debug|Any CPU
		{0C4EC582-F40E-4A51-B9E3-8CAFA8ED779C}.Release|Any CPU.ActiveCfg = Release|Any CPU
		{0C4EC582-F40E-4A51-B9E3-8CAFA8ED779C}.Release|Any CPU.Build.0 = Release|Any CPU
	EndGlobalSection
	GlobalSection(SolutionProperties) = preSolution
		HideSolutionNode = FALSE
	EndGlobalSection
	GlobalSection(ExtensibilityGlobals) = postSolution
		SolutionGuid = {88D3F177-2947-4D8D-B9D8-9A2F0B6C7376}
	EndGlobalSection
EndGlobal
