
Microsoft Visual Studio Solution File, Format Version 12.00
# Visual Studio Version 17
VisualStudioVersion = 17.8.34309.116
MinimumVisualStudioVersion = 10.0.40219.1
Project("{FAE04EC0-301F-11D3-BF4B-00C04F79EFBC}") = "Phonebook", "Phonebook\Phonebook.csproj", "{C6768F25-0FDF-4F16-A210-F606196B9B84}"
EndProject
Global
	GlobalSection(SolutionConfigurationPlatforms) = preSolution
		Debug|Any CPU = Debug|Any CPU
		Release|Any CPU = Release|Any CPU
	EndGlobalSection
	GlobalSection(ProjectConfigurationPlatforms) = postSolution
		{C6768F25-0FDF-4F16-A210-F606196B9B84}.Debug|Any CPU.ActiveCfg = Debug|Any CPU
		{C6768F25-0FDF-4F16-A210-F606196B9B84}.Debug|Any CPU.Build.0 = Debug|Any CPU
		{C6768F25-0FDF-4F16-A210-F606196B9B84}.Release|Any CPU.ActiveCfg = Release|Any CPU
		{C6768F25-0FDF-4F16-A210-F606196B9B84}.Release|Any CPU.Build.0 = Release|Any CPU
	EndGlobalSection
	GlobalSection(SolutionProperties) = preSolution
		HideSolutionNode = FALSE
	EndGlobalSection
	GlobalSection(ExtensibilityGlobals) = postSolution
		SolutionGuid = {B0008F13-5295-4AE7-8000-EBF6BC9E42CC}
	EndGlobalSection
EndGlobal
