
Microsoft Visual Studio Solution File, Format Version 12.00
# Visual Studio Version 17
VisualStudioVersion = 17.7.34024.191
MinimumVisualStudioVersion = 10.0.40219.1
Project("{FAE04EC0-301F-11D3-BF4B-00C04F79EFBC}") = "PhoneBook", "PhoneBook\PhoneBook.csproj", "{2BA335B2-B9C6-43FF-86D4-A3DBE2C69205}"
EndProject
Global
	GlobalSection(SolutionConfigurationPlatforms) = preSolution
		Debug|Any CPU = Debug|Any CPU
		Release|Any CPU = Release|Any CPU
	EndGlobalSection
	GlobalSection(ProjectConfigurationPlatforms) = postSolution
		{2BA335B2-B9C6-43FF-86D4-A3DBE2C69205}.Debug|Any CPU.ActiveCfg = Debug|Any CPU
		{2BA335B2-B9C6-43FF-86D4-A3DBE2C69205}.Debug|Any CPU.Build.0 = Debug|Any CPU
		{2BA335B2-B9C6-43FF-86D4-A3DBE2C69205}.Release|Any CPU.ActiveCfg = Release|Any CPU
		{2BA335B2-B9C6-43FF-86D4-A3DBE2C69205}.Release|Any CPU.Build.0 = Release|Any CPU
	EndGlobalSection
	GlobalSection(SolutionProperties) = preSolution
		HideSolutionNode = FALSE
	EndGlobalSection
	GlobalSection(ExtensibilityGlobals) = postSolution
		SolutionGuid = {18E788E9-A696-4DC3-8D8E-4708A40DE936}
	EndGlobalSection
EndGlobal
