
Microsoft Visual Studio Solution File, Format Version 12.00
# Visual Studio Version 17
VisualStudioVersion = 17.11.35312.102
MinimumVisualStudioVersion = 10.0.40219.1
Project("{9A19103F-16F7-4668-BE54-9A1E7A4F7556}") = "TwilightSaw.Phonebook", "TwilightSaw.Phonebook.csproj", "{5AA787E9-ADF6-4841-BAF3-C04779A1FEB9}"
EndProject
Global
	GlobalSection(SolutionConfigurationPlatforms) = preSolution
		Debug|Any CPU = Debug|Any CPU
		Release|Any CPU = Release|Any CPU
	EndGlobalSection
	GlobalSection(ProjectConfigurationPlatforms) = postSolution
		{5AA787E9-ADF6-4841-BAF3-C04779A1FEB9}.Debug|Any CPU.ActiveCfg = Debug|Any CPU
		{5AA787E9-ADF6-4841-BAF3-C04779A1FEB9}.Debug|Any CPU.Build.0 = Debug|Any CPU
		{5AA787E9-ADF6-4841-BAF3-C04779A1FEB9}.Release|Any CPU.ActiveCfg = Release|Any CPU
		{5AA787E9-ADF6-4841-BAF3-C04779A1FEB9}.Release|Any CPU.Build.0 = Release|Any CPU
	EndGlobalSection
	GlobalSection(SolutionProperties) = preSolution
		HideSolutionNode = FALSE
	EndGlobalSection
	GlobalSection(ExtensibilityGlobals) = postSolution
		SolutionGuid = {13C7E22F-9172-464B-B9BF-2F00DCBE1158}
	EndGlobalSection
EndGlobal
