
Microsoft Visual Studio Solution File, Format Version 12.00
# Visual Studio Version 17
VisualStudioVersion = 17.6.33815.320
MinimumVisualStudioVersion = 10.0.40219.1
Project("{FAE04EC0-301F-11D3-BF4B-00C04F79EFBC}") = "PhoneBook.w0lvesvvv", "PhoneBook.w0lvesvvv\PhoneBook.w0lvesvvv.csproj", "{B16E29E8-8609-4FDD-97B6-ABBB3D7F90EC}"
EndProject
Global
	GlobalSection(SolutionConfigurationPlatforms) = preSolution
		Debug|Any CPU = Debug|Any CPU
		Release|Any CPU = Release|Any CPU
	EndGlobalSection
	GlobalSection(ProjectConfigurationPlatforms) = postSolution
		{B16E29E8-8609-4FDD-97B6-ABBB3D7F90EC}.Debug|Any CPU.ActiveCfg = Debug|Any CPU
		{B16E29E8-8609-4FDD-97B6-ABBB3D7F90EC}.Debug|Any CPU.Build.0 = Debug|Any CPU
		{B16E29E8-8609-4FDD-97B6-ABBB3D7F90EC}.Release|Any CPU.ActiveCfg = Release|Any CPU
		{B16E29E8-8609-4FDD-97B6-ABBB3D7F90EC}.Release|Any CPU.Build.0 = Release|Any CPU
	EndGlobalSection
	GlobalSection(SolutionProperties) = preSolution
		HideSolutionNode = FALSE
	EndGlobalSection
	GlobalSection(ExtensibilityGlobals) = postSolution
		SolutionGuid = {AC6E52C2-902B-44D7-BEEE-236069E93828}
	EndGlobalSection
EndGlobal
