
Microsoft Visual Studio Solution File, Format Version 12.00
# Visual Studio Version 17
VisualStudioVersion = 17.7.34031.279
MinimumVisualStudioVersion = 10.0.40219.1
Project("{FAE04EC0-301F-11D3-BF4B-00C04F79EFBC}") = "PhoneBook.Console", "PhoneBook.Console\PhoneBook.Console.csproj", "{AF1FB2CD-DB90-4D98-AE43-12B8970D90AF}"
EndProject
Global
	GlobalSection(SolutionConfigurationPlatforms) = preSolution
		Debug|Any CPU = Debug|Any CPU
		Release|Any CPU = Release|Any CPU
	EndGlobalSection
	GlobalSection(ProjectConfigurationPlatforms) = postSolution
		{AF1FB2CD-DB90-4D98-AE43-12B8970D90AF}.Debug|Any CPU.ActiveCfg = Debug|Any CPU
		{AF1FB2CD-DB90-4D98-AE43-12B8970D90AF}.Debug|Any CPU.Build.0 = Debug|Any CPU
		{AF1FB2CD-DB90-4D98-AE43-12B8970D90AF}.Release|Any CPU.ActiveCfg = Release|Any CPU
		{AF1FB2CD-DB90-4D98-AE43-12B8970D90AF}.Release|Any CPU.Build.0 = Release|Any CPU
	EndGlobalSection
	GlobalSection(SolutionProperties) = preSolution
		HideSolutionNode = FALSE
	EndGlobalSection
	GlobalSection(ExtensibilityGlobals) = postSolution
		SolutionGuid = {4CDA59C2-C687-44E3-AAF0-F4A8DF9721B0}
	EndGlobalSection
EndGlobal
