
Microsoft Visual Studio Solution File, Format Version 12.00
# Visual Studio Version 17
VisualStudioVersion = 17.0.31903.59
MinimumVisualStudioVersion = 10.0.40219.1
Project("{FAE04EC0-301F-11D3-BF4B-00C04F79EFBC}") = "PhoneBook.mefdev", "PhoneBook.mefdev.csproj", "{D3F16243-6533-4197-B4BB-61C03C42F1B4}"
EndProject
Global
	GlobalSection(SolutionConfigurationPlatforms) = preSolution
		Debug|Any CPU = Debug|Any CPU
		Release|Any CPU = Release|Any CPU
	EndGlobalSection
	GlobalSection(SolutionProperties) = preSolution
		HideSolutionNode = FALSE
	EndGlobalSection
	GlobalSection(ProjectConfigurationPlatforms) = postSolution
		{D3F16243-6533-4197-B4BB-61C03C42F1B4}.Debug|Any CPU.ActiveCfg = Debug|Any CPU
		{D3F16243-6533-4197-B4BB-61C03C42F1B4}.Debug|Any CPU.Build.0 = Debug|Any CPU
		{D3F16243-6533-4197-B4BB-61C03C42F1B4}.Release|Any CPU.ActiveCfg = Release|Any CPU
		{D3F16243-6533-4197-B4BB-61C03C42F1B4}.Release|Any CPU.Build.0 = Release|Any CPU
	EndGlobalSection
	GlobalSection(MonoDevelopProperties) = preSolution
		Policies = $0
		$0.DotNetNamingPolicy = $1
		$1.DirectoryNamespaceAssociation = PrefixedHierarchical
		$0.TextStylePolicy = $2
		$2.inheritsSet = null
		$2.scope = text/x-csharp
		$0.CSharpFormattingPolicy = $3
		$3.scope = text/x-csharp
		$0.TextStylePolicy = $4
		$4.FileWidth = 80
		$4.TabsToSpaces = True
		$4.scope = text/plain
	EndGlobalSection
EndGlobal
