
Microsoft Visual Studio Solution File, Format Version 12.00
# Visual Studio Version 17
VisualStudioVersion = 17.9.34728.123
MinimumVisualStudioVersion = 10.0.40219.1
Project("{FAE04EC0-301F-11D3-BF4B-00C04F79EFBC}") = "PhoneBook", "PhoneBook.csproj", "{F9BD0757-2A15-4744-AECF-98483E2C7B82}"
EndProject
Global
	GlobalSection(SolutionConfigurationPlatforms) = preSolution
		Debug|Any CPU = Debug|Any CPU
		Release|Any CPU = Release|Any CPU
	EndGlobalSection
	GlobalSection(ProjectConfigurationPlatforms) = postSolution
		{F9BD0757-2A15-4744-AECF-98483E2C7B82}.Debug|Any CPU.ActiveCfg = Debug|Any CPU
		{F9BD0757-2A15-4744-AECF-98483E2C7B82}.Debug|Any CPU.Build.0 = Debug|Any CPU
		{F9BD0757-2A15-4744-AECF-98483E2C7B82}.Release|Any CPU.ActiveCfg = Release|Any CPU
		{F9BD0757-2A15-4744-AECF-98483E2C7B82}.Release|Any CPU.Build.0 = Release|Any CPU
	EndGlobalSection
	GlobalSection(SolutionProperties) = preSolution
		HideSolutionNode = FALSE
	EndGlobalSection
	GlobalSection(ExtensibilityGlobals) = postSolution
		SolutionGuid = {6912AA12-2CC0-4BE7-BBE4-84F8D2C0B740}
	EndGlobalSection
EndGlobal
