
Microsoft Visual Studio Solution File, Format Version 12.00
# Visual Studio Version 17
VisualStudioVersion = 17.10.34928.147
MinimumVisualStudioVersion = 10.0.40219.1
Project("{9A19103F-16F7-4668-BE54-9A1E7A4F7556}") = "PhoneBook.gafoorraees", "PhoneBook\PhoneBook.gafoorraees.csproj", "{267A33D2-BDDC-4F36-A00A-2FF2C22DA643}"
EndProject
Global
	GlobalSection(SolutionConfigurationPlatforms) = preSolution
		Debug|Any CPU = Debug|Any CPU
		Release|Any CPU = Release|Any CPU
	EndGlobalSection
	GlobalSection(ProjectConfigurationPlatforms) = postSolution
		{267A33D2-BDDC-4F36-A00A-2FF2C22DA643}.Debug|Any CPU.ActiveCfg = Debug|Any CPU
		{267A33D2-BDDC-4F36-A00A-2FF2C22DA643}.Debug|Any CPU.Build.0 = Debug|Any CPU
		{267A33D2-BDDC-4F36-A00A-2FF2C22DA643}.Release|Any CPU.ActiveCfg = Release|Any CPU
		{267A33D2-BDDC-4F36-A00A-2FF2C22DA643}.Release|Any CPU.Build.0 = Release|Any CPU
	EndGlobalSection
	GlobalSection(SolutionProperties) = preSolution
		HideSolutionNode = FALSE
	EndGlobalSection
	GlobalSection(ExtensibilityGlobals) = postSolution
		SolutionGuid = {3C583C5E-8E76-4B9F-A8E6-37451A3E34D7}
	EndGlobalSection
EndGlobal
