
Microsoft Visual Studio Solution File, Format Version 12.00
# Visual Studio Version 17
VisualStudioVersion = 17.11.35222.181
MinimumVisualStudioVersion = 10.0.40219.1
Project("{FAE04EC0-301F-11D3-BF4B-00C04F79EFBC}") = "phonebook.jakubmikolajewski", "phonebook.jakubmikolajewski\phonebook.jakubmikolajewski.csproj", "{214D622A-C473-4DE7-9D87-6C79BD551DC5}"
EndProject
Project("{FAE04EC0-301F-11D3-BF4B-00C04F79EFBC}") = "Phonebook.Library", "phonebook.library\Phonebook.Library.csproj", "{09822F89-CC6E-44F6-BA57-5C095C55734F}"
EndProject
Global
	GlobalSection(SolutionConfigurationPlatforms) = preSolution
		Debug|Any CPU = Debug|Any CPU
		Release|Any CPU = Release|Any CPU
	EndGlobalSection
	GlobalSection(ProjectConfigurationPlatforms) = postSolution
		{214D622A-C473-4DE7-9D87-6C79BD551DC5}.Debug|Any CPU.ActiveCfg = Debug|Any CPU
		{214D622A-C473-4DE7-9D87-6C79BD551DC5}.Debug|Any CPU.Build.0 = Debug|Any CPU
		{214D622A-C473-4DE7-9D87-6C79BD551DC5}.Release|Any CPU.ActiveCfg = Release|Any CPU
		{214D622A-C473-4DE7-9D87-6C79BD551DC5}.Release|Any CPU.Build.0 = Release|Any CPU
		{09822F89-CC6E-44F6-BA57-5C095C55734F}.Debug|Any CPU.ActiveCfg = Debug|Any CPU
		{09822F89-CC6E-44F6-BA57-5C095C55734F}.Debug|Any CPU.Build.0 = Debug|Any CPU
		{09822F89-CC6E-44F6-BA57-5C095C55734F}.Release|Any CPU.ActiveCfg = Release|Any CPU
		{09822F89-CC6E-44F6-BA57-5C095C55734F}.Release|Any CPU.Build.0 = Release|Any CPU
	EndGlobalSection
	GlobalSection(SolutionProperties) = preSolution
		HideSolutionNode = FALSE
	EndGlobalSection
	GlobalSection(ExtensibilityGlobals) = postSolution
		SolutionGuid = {9288FC25-CEA5-4141-919C-A22CCE1AF60F}
	EndGlobalSection
EndGlobal
