
Microsoft Visual Studio Solution File, Format Version 12.00
# Visual Studio Version 17
VisualStudioVersion = 17.10.35013.160
MinimumVisualStudioVersion = 10.0.40219.1
Project("{FAE04EC0-301F-11D3-BF4B-00C04F79EFBC}") = "Phonebook.ukpagrace", "Phonebook.ukpagrace\Phonebook.ukpagrace.csproj", "{730D9512-45A5-418B-8C73-8AF92DAB736B}"
EndProject
Global
	GlobalSection(SolutionConfigurationPlatforms) = preSolution
		Debug|Any CPU = Debug|Any CPU
		Release|Any CPU = Release|Any CPU
	EndGlobalSection
	GlobalSection(ProjectConfigurationPlatforms) = postSolution
		{730D9512-45A5-418B-8C73-8AF92DAB736B}.Debug|Any CPU.ActiveCfg = Debug|Any CPU
		{730D9512-45A5-418B-8C73-8AF92DAB736B}.Debug|Any CPU.Build.0 = Debug|Any CPU
		{730D9512-45A5-418B-8C73-8AF92DAB736B}.Release|Any CPU.ActiveCfg = Release|Any CPU
		{730D9512-45A5-418B-8C73-8AF92DAB736B}.Release|Any CPU.Build.0 = Release|Any CPU
	EndGlobalSection
	GlobalSection(SolutionProperties) = preSolution
		HideSolutionNode = FALSE
	EndGlobalSection
	GlobalSection(ExtensibilityGlobals) = postSolution
		SolutionGuid = {76B1211B-00B0-4F0D-B085-37126577F112}
	EndGlobalSection
EndGlobal
