
Microsoft Visual Studio Solution File, Format Version 12.00
# Visual Studio Version 17
VisualStudioVersion = 17.10.34607.79
MinimumVisualStudioVersion = 10.0.40219.1
Project("{FAE04EC0-301F-11D3-BF4B-00C04F79EFBC}") = "Console.Phonebook.App", "Console.Phonebook.App.csproj", "{B7760F60-3D2F-4464-BC71-591B433C842F}"
EndProject
Global
	GlobalSection(SolutionConfigurationPlatforms) = preSolution
		Debug|Any CPU = Debug|Any CPU
		Release|Any CPU = Release|Any CPU
	EndGlobalSection
	GlobalSection(ProjectConfigurationPlatforms) = postSolution
		{B7760F60-3D2F-4464-BC71-591B433C842F}.Debug|Any CPU.ActiveCfg = Debug|Any CPU
		{B7760F60-3D2F-4464-BC71-591B433C842F}.Debug|Any CPU.Build.0 = Debug|Any CPU
		{B7760F60-3D2F-4464-BC71-591B433C842F}.Release|Any CPU.ActiveCfg = Release|Any CPU
		{B7760F60-3D2F-4464-BC71-591B433C842F}.Release|Any CPU.Build.0 = Release|Any CPU
	EndGlobalSection
	GlobalSection(SolutionProperties) = preSolution
		HideSolutionNode = FALSE
	EndGlobalSection
	GlobalSection(ExtensibilityGlobals) = postSolution
		SolutionGuid = {646ED02C-D16D-4714-B4A8-DEAFFDC995B4}
	EndGlobalSection
EndGlobal
