
Microsoft Visual Studio Solution File, Format Version 12.00
# Visual Studio Version 17
VisualStudioVersion = 17.5.002.0
MinimumVisualStudioVersion = 10.0.40219.1
Project("{9A19103F-16F7-4668-BE54-9A1E7A4F7556}") = "PhoneBook", "PhoneBook.csproj", "{3E3A21DC-242C-4185-B6D5-1FB509C2BA29}"
EndProject
Global
	GlobalSection(SolutionConfigurationPlatforms) = preSolution
		Debug|Any CPU = Debug|Any CPU
		Release|Any CPU = Release|Any CPU
	EndGlobalSection
	GlobalSection(ProjectConfigurationPlatforms) = postSolution
		{3E3A21DC-242C-4185-B6D5-1FB509C2BA29}.Debug|Any CPU.ActiveCfg = Debug|Any CPU
		{3E3A21DC-242C-4185-B6D5-1FB509C2BA29}.Debug|Any CPU.Build.0 = Debug|Any CPU
		{3E3A21DC-242C-4185-B6D5-1FB509C2BA29}.Release|Any CPU.ActiveCfg = Release|Any CPU
		{3E3A21DC-242C-4185-B6D5-1FB509C2BA29}.Release|Any CPU.Build.0 = Release|Any CPU
	EndGlobalSection
	GlobalSection(SolutionProperties) = preSolution
		HideSolutionNode = FALSE
	EndGlobalSection
	GlobalSection(ExtensibilityGlobals) = postSolution
		SolutionGuid = {84DE5925-F1EC-4EE5-A6A2-E1FEFDF3166E}
	EndGlobalSection
EndGlobal
